
Microsoft Visual Studio Solution File, Format Version 12.00
# Visual Studio Version 17
Project("{2150E333-8FDC-42A3-9474-1A3956D46DE8}") = "CMakePredefinedTargets", "CMakePredefinedTargets", "{D76255B5-DBBB-3C93-8392-C8CA1FA492DA}"
EndProject
Project("{8BC9CEB8-8B4A-11D0-8D11-00A0C91BC942}") = "ALL_BUILD", "ALL_BUILD.vcxproj", "{5D4E165D-56B4-3681-9B03-94BEEDAFDC05}"
	ProjectSection(ProjectDependencies) = postProject
		{A1BB8997-C161-375A-B461-CBE803BC355E} = {A1BB8997-C161-375A-B461-CBE803BC355E}
		{10B78A65-B90D-37D7-8F8D-CD330E1B4D89} = {10B78A65-B90D-37D7-8F8D-CD330E1B4D89}
	EndProjectSection
EndProject
Project("{8BC9CEB8-8B4A-11D0-8D11-00A0C91BC942}") = "INSTALL", "INSTALL.vcxproj", "{F5EA59D9-A675-394D-8473-E12A0331F02E}"
	ProjectSection(ProjectDependencies) = postProject
		{5D4E165D-56B4-3681-9B03-94BEEDAFDC05} = {5D4E165D-56B4-3681-9B03-94BEEDAFDC05}
		{A1BB8997-C161-375A-B461-CBE803BC355E} = {A1BB8997-C161-375A-B461-CBE803BC355E}
	EndProjectSection
EndProject
Project("{8BC9CEB8-8B4A-11D0-8D11-00A0C91BC942}") = "ZERO_CHECK", "ZERO_CHECK.vcxproj", "{A1BB8997-C161-375A-B461-CBE803BC355E}"
	ProjectSection(ProjectDependencies) = postProject
	EndProjectSection
EndProject
Project("{8BC9CEB8-8B4A-11D0-8D11-00A0C91BC942}") = "meshoptimizer", "meshoptimizer.vcxproj", "{10B78A65-B90D-37D7-8F8D-CD330E1B4D89}"
	ProjectSection(ProjectDependencies) = postProject
		{A1BB8997-C161-375A-B461-CBE803BC355E} = {A1BB8997-C161-375A-B461-CBE803BC355E}
	EndProjectSection
EndProject
Global
	GlobalSection(SolutionConfigurationPlatforms) = preSolution
		Debug|x64 = Debug|x64
		Release|x64 = Release|x64
		MinSizeRel|x64 = MinSizeRel|x64
		RelWithDebInfo|x64 = RelWithDebInfo|x64
	EndGlobalSection
	GlobalSection(ProjectConfigurationPlatforms) = postSolution
		{5D4E165D-56B4-3681-9B03-94BEEDAFDC05}.Debug|x64.ActiveCfg = Debug|x64
		{5D4E165D-56B4-3681-9B03-94BEEDAFDC05}.Debug|x64.Build.0 = Debug|x64
		{5D4E165D-56B4-3681-9B03-94BEEDAFDC05}.Release|x64.ActiveCfg = Release|x64
		{5D4E165D-56B4-3681-9B03-94BEEDAFDC05}.Release|x64.Build.0 = Release|x64
		{5D4E165D-56B4-3681-9B03-94BEEDAFDC05}.MinSizeRel|x64.ActiveCfg = MinSizeRel|x64
		{5D4E165D-56B4-3681-9B03-94BEEDAFDC05}.MinSizeRel|x64.Build.0 = MinSizeRel|x64
		{5D4E165D-56B4-3681-9B03-94BEEDAFDC05}.RelWithDebInfo|x64.ActiveCfg = RelWithDebInfo|x64
		{5D4E165D-56B4-3681-9B03-94BEEDAFDC05}.RelWithDebInfo|x64.Build.0 = RelWithDebInfo|x64
		{F5EA59D9-A675-394D-8473-E12A0331F02E}.Debug|x64.ActiveCfg = Debug|x64
		{F5EA59D9-A675-394D-8473-E12A0331F02E}.Release|x64.ActiveCfg = Release|x64
		{F5EA59D9-A675-394D-8473-E12A0331F02E}.MinSizeRel|x64.ActiveCfg = MinSizeRel|x64
		{F5EA59D9-A675-394D-8473-E12A0331F02E}.RelWithDebInfo|x64.ActiveCfg = RelWithDebInfo|x64
		{A1BB8997-C161-375A-B461-CBE803BC355E}.Debug|x64.ActiveCfg = Debug|x64
		{A1BB8997-C161-375A-B461-CBE803BC355E}.Debug|x64.Build.0 = Debug|x64
		{A1BB8997-C161-375A-B461-CBE803BC355E}.Release|x64.ActiveCfg = Release|x64
		{A1BB8997-C161-375A-B461-CBE803BC355E}.Release|x64.Build.0 = Release|x64
		{A1BB8997-C161-375A-B461-CBE803BC355E}.MinSizeRel|x64.ActiveCfg = MinSizeRel|x64
		{A1BB8997-C161-375A-B461-CBE803BC355E}.MinSizeRel|x64.Build.0 = MinSizeRel|x64
		{A1BB8997-C161-375A-B461-CBE803BC355E}.RelWithDebInfo|x64.ActiveCfg = RelWithDebInfo|x64
		{A1BB8997-C161-375A-B461-CBE803BC355E}.RelWithDebInfo|x64.Build.0 = RelWithDebInfo|x64
		{10B78A65-B90D-37D7-8F8D-CD330E1B4D89}.Debug|x64.ActiveCfg = Debug|x64
		{10B78A65-B90D-37D7-8F8D-CD330E1B4D89}.Debug|x64.Build.0 = Debug|x64
		{10B78A65-B90D-37D7-8F8D-CD330E1B4D89}.Release|x64.ActiveCfg = Release|x64
		{10B78A65-B90D-37D7-8F8D-CD330E1B4D89}.Release|x64.Build.0 = Release|x64
		{10B78A65-B90D-37D7-8F8D-CD330E1B4D89}.MinSizeRel|x64.ActiveCfg = MinSizeRel|x64
		{10B78A65-B90D-37D7-8F8D-CD330E1B4D89}.MinSizeRel|x64.Build.0 = MinSizeRel|x64
		{10B78A65-B90D-37D7-8F8D-CD330E1B4D89}.RelWithDebInfo|x64.ActiveCfg = RelWithDebInfo|x64
		{10B78A65-B90D-37D7-8F8D-CD330E1B4D89}.RelWithDebInfo|x64.Build.0 = RelWithDebInfo|x64
	EndGlobalSection
	GlobalSection(NestedProjects) = preSolution
		{5D4E165D-56B4-3681-9B03-94BEEDAFDC05} = {D76255B5-DBBB-3C93-8392-C8CA1FA492DA}
		{F5EA59D9-A675-394D-8473-E12A0331F02E} = {D76255B5-DBBB-3C93-8392-C8CA1FA492DA}
		{A1BB8997-C161-375A-B461-CBE803BC355E} = {D76255B5-DBBB-3C93-8392-C8CA1FA492DA}
	EndGlobalSection
	GlobalSection(ExtensibilityGlobals) = postSolution
		SolutionGuid = {A7EB3480-384A-3943-AC47-710F44E07FBF}
	EndGlobalSection
	GlobalSection(ExtensibilityAddIns) = postSolution
	EndGlobalSection
EndGlobal
